
Microsoft Visual Studio Solution File, Format Version 12.00
# Visual Studio 2013
VisualStudioVersion = 12.0.30501.0
MinimumVisualStudioVersion = 10.0.40219.1
Project("{FAE04EC0-301F-11D3-BF4B-00C04F79EFBC}") = "winUserInfo", "winUserInfo\winUserInfo.csproj", "{CF056279-B13F-4278-BCB8-64B3989583EA}"
EndProject
Global
	GlobalSection(SolutionConfigurationPlatforms) = preSolution
		Debug|Any CPU = Debug|Any CPU
		Release|Any CPU = Release|Any CPU
	EndGlobalSection
	GlobalSection(ProjectConfigurationPlatforms) = postSolution
		{CF056279-B13F-4278-BCB8-64B3989583EA}.Debug|Any CPU.ActiveCfg = Debug|Any CPU
		{CF056279-B13F-4278-BCB8-64B3989583EA}.Debug|Any CPU.Build.0 = Debug|Any CPU
		{CF056279-B13F-4278-BCB8-64B3989583EA}.Release|Any CPU.ActiveCfg = Release|Any CPU
		{CF056279-B13F-4278-BCB8-64B3989583EA}.Release|Any CPU.Build.0 = Release|Any CPU
	EndGlobalSection
	GlobalSection(SolutionProperties) = preSolution
		HideSolutionNode = FALSE
	EndGlobalSection
EndGlobal
